
Microsoft Visual Studio Solution File, Format Version 12.00
Project("{2150E333-8FDC-42A3-9474-1A3956D46DE8}") = "src", "src", "{AF35F5B2-8C37-4BAD-BAD6-DCC196C4F495}"
EndProject
Project("{2150E333-8FDC-42A3-9474-1A3956D46DE8}") = "tests", "tests", "{371B23EA-E029-48BA-9310-C2E3868D5DAA}"
EndProject
Project("{2150E333-8FDC-42A3-9474-1A3956D46DE8}") = "common", "common", "{93A396DB-636C-4CDC-B194-40969D0F07DB}"
EndProject
Project("{FAE04EC0-301F-11D3-BF4B-00C04F79EFBC}") = "Flame.Common.Core", "src\common\Flame.Common.Core\Flame.Common.Core.csproj", "{62666E5E-A96D-4114-B05F-D75F814026F5}"
EndProject
Project("{FAE04EC0-301F-11D3-BF4B-00C04F79EFBC}") = "Flame.Common.Domain", "src\common\Flame.Common.Domain\Flame.Common.Domain.csproj", "{2564F5F7-2457-4841-91CF-AC75B64781BE}"
EndProject
Project("{FAE04EC0-301F-11D3-BF4B-00C04F79EFBC}") = "Flame.BasketContext.Domain", "Flame.BasketContext.Domain\Flame.BasketContext.Domain.csproj", "{B8E8FE46-A932-4055-859E-01F4612E2E5B}"
EndProject
Project("{FAE04EC0-301F-11D3-BF4B-00C04F79EFBC}") = "Flame.BasketContext.Application", "src\Flame.BasketContext.Application\Flame.BasketContext.Application.csproj", "{671DB440-EC1F-4601-B2A9-B7B3262038BA}"
EndProject
Project("{FAE04EC0-301F-11D3-BF4B-00C04F79EFBC}") = "Flame.BasketContext.Infrastructure", "src\Flame.BasketContext.Infrastructure\Flame.BasketContext.Infrastructure.csproj", "{311D84E4-E60B-4285-9A3C-5F229124C9C1}"
EndProject
Project("{FAE04EC0-301F-11D3-BF4B-00C04F79EFBC}") = "Flame.BasketContext.Api", "src\Flame.BasketContext.Api\Flame.BasketContext.Api.csproj", "{8443CDB7-B7E9-4C3D-B96B-D75689A5802B}"
EndProject
Project("{FAE04EC0-301F-11D3-BF4B-00C04F79EFBC}") = "Flame.BasketContext.Tests.Data", "tests\Flame.BasketContext.Tests.Data\Flame.BasketContext.Tests.Data.csproj", "{9064E03D-F9A3-43BE-909F-EC661B45055C}"
EndProject
Project("{FAE04EC0-301F-11D3-BF4B-00C04F79EFBC}") = "Flame.BasketContext.Tests.Unit", "tests\Flame.BasketContext.Tests.Unit\Flame.BasketContext.Tests.Unit.csproj", "{10D05D7D-9C12-4FF1-9A0E-F3D66ED96796}"
EndProject
Global
	GlobalSection(SolutionConfigurationPlatforms) = preSolution
		Debug|Any CPU = Debug|Any CPU
		Release|Any CPU = Release|Any CPU
	EndGlobalSection
	GlobalSection(NestedProjects) = preSolution
		{93A396DB-636C-4CDC-B194-40969D0F07DB} = {AF35F5B2-8C37-4BAD-BAD6-DCC196C4F495}
		{62666E5E-A96D-4114-B05F-D75F814026F5} = {93A396DB-636C-4CDC-B194-40969D0F07DB}
		{2564F5F7-2457-4841-91CF-AC75B64781BE} = {93A396DB-636C-4CDC-B194-40969D0F07DB}
		{B8E8FE46-A932-4055-859E-01F4612E2E5B} = {AF35F5B2-8C37-4BAD-BAD6-DCC196C4F495}
		{671DB440-EC1F-4601-B2A9-B7B3262038BA} = {AF35F5B2-8C37-4BAD-BAD6-DCC196C4F495}
		{311D84E4-E60B-4285-9A3C-5F229124C9C1} = {AF35F5B2-8C37-4BAD-BAD6-DCC196C4F495}
		{8443CDB7-B7E9-4C3D-B96B-D75689A5802B} = {AF35F5B2-8C37-4BAD-BAD6-DCC196C4F495}
		{9064E03D-F9A3-43BE-909F-EC661B45055C} = {371B23EA-E029-48BA-9310-C2E3868D5DAA}
		{10D05D7D-9C12-4FF1-9A0E-F3D66ED96796} = {371B23EA-E029-48BA-9310-C2E3868D5DAA}
	EndGlobalSection
	GlobalSection(ProjectConfigurationPlatforms) = postSolution
		{62666E5E-A96D-4114-B05F-D75F814026F5}.Debug|Any CPU.ActiveCfg = Debug|Any CPU
		{62666E5E-A96D-4114-B05F-D75F814026F5}.Debug|Any CPU.Build.0 = Debug|Any CPU
		{62666E5E-A96D-4114-B05F-D75F814026F5}.Release|Any CPU.ActiveCfg = Release|Any CPU
		{62666E5E-A96D-4114-B05F-D75F814026F5}.Release|Any CPU.Build.0 = Release|Any CPU
		{2564F5F7-2457-4841-91CF-AC75B64781BE}.Debug|Any CPU.ActiveCfg = Debug|Any CPU
		{2564F5F7-2457-4841-91CF-AC75B64781BE}.Debug|Any CPU.Build.0 = Debug|Any CPU
		{2564F5F7-2457-4841-91CF-AC75B64781BE}.Release|Any CPU.ActiveCfg = Release|Any CPU
		{2564F5F7-2457-4841-91CF-AC75B64781BE}.Release|Any CPU.Build.0 = Release|Any CPU
		{B8E8FE46-A932-4055-859E-01F4612E2E5B}.Debug|Any CPU.ActiveCfg = Debug|Any CPU
		{B8E8FE46-A932-4055-859E-01F4612E2E5B}.Debug|Any CPU.Build.0 = Debug|Any CPU
		{B8E8FE46-A932-4055-859E-01F4612E2E5B}.Release|Any CPU.ActiveCfg = Release|Any CPU
		{B8E8FE46-A932-4055-859E-01F4612E2E5B}.Release|Any CPU.Build.0 = Release|Any CPU
		{671DB440-EC1F-4601-B2A9-B7B3262038BA}.Debug|Any CPU.ActiveCfg = Debug|Any CPU
		{671DB440-EC1F-4601-B2A9-B7B3262038BA}.Debug|Any CPU.Build.0 = Debug|Any CPU
		{671DB440-EC1F-4601-B2A9-B7B3262038BA}.Release|Any CPU.ActiveCfg = Release|Any CPU
		{671DB440-EC1F-4601-B2A9-B7B3262038BA}.Release|Any CPU.Build.0 = Release|Any CPU
		{311D84E4-E60B-4285-9A3C-5F229124C9C1}.Debug|Any CPU.ActiveCfg = Debug|Any CPU
		{311D84E4-E60B-4285-9A3C-5F229124C9C1}.Debug|Any CPU.Build.0 = Debug|Any CPU
		{311D84E4-E60B-4285-9A3C-5F229124C9C1}.Release|Any CPU.ActiveCfg = Release|Any CPU
		{311D84E4-E60B-4285-9A3C-5F229124C9C1}.Release|Any CPU.Build.0 = Release|Any CPU
		{8443CDB7-B7E9-4C3D-B96B-D75689A5802B}.Debug|Any CPU.ActiveCfg = Debug|Any CPU
		{8443CDB7-B7E9-4C3D-B96B-D75689A5802B}.Debug|Any CPU.Build.0 = Debug|Any CPU
		{8443CDB7-B7E9-4C3D-B96B-D75689A5802B}.Release|Any CPU.ActiveCfg = Release|Any CPU
		{8443CDB7-B7E9-4C3D-B96B-D75689A5802B}.Release|Any CPU.Build.0 = Release|Any CPU
		{9064E03D-F9A3-43BE-909F-EC661B45055C}.Debug|Any CPU.ActiveCfg = Debug|Any CPU
		{9064E03D-F9A3-43BE-909F-EC661B45055C}.Debug|Any CPU.Build.0 = Debug|Any CPU
		{9064E03D-F9A3-43BE-909F-EC661B45055C}.Release|Any CPU.ActiveCfg = Release|Any CPU
		{9064E03D-F9A3-43BE-909F-EC661B45055C}.Release|Any CPU.Build.0 = Release|Any CPU
		{10D05D7D-9C12-4FF1-9A0E-F3D66ED96796}.Debug|Any CPU.ActiveCfg = Debug|Any CPU
		{10D05D7D-9C12-4FF1-9A0E-F3D66ED96796}.Debug|Any CPU.Build.0 = Debug|Any CPU
		{10D05D7D-9C12-4FF1-9A0E-F3D66ED96796}.Release|Any CPU.ActiveCfg = Release|Any CPU
		{10D05D7D-9C12-4FF1-9A0E-F3D66ED96796}.Release|Any CPU.Build.0 = Release|Any CPU
	EndGlobalSection
EndGlobal
